
Microsoft Visual Studio Solution File, Format Version 12.00
# Visual Studio Version 16
VisualStudioVersion = 16.0.31729.503
MinimumVisualStudioVersion = 10.0.40219.1
Project("{FAE04EC0-301F-11D3-BF4B-00C04F79EFBC}") = "AdobeConnectRecord", "AdobeConnectRecord.csproj", "{492B8239-A90A-4EE1-83BD-4BB70FE53BCC}"
EndProject
Global
	GlobalSection(SolutionConfigurationPlatforms) = preSolution
		Debug|Any CPU = Debug|Any CPU
		Release|Any CPU = Release|Any CPU
	EndGlobalSection
	GlobalSection(ProjectConfigurationPlatforms) = postSolution
		{492B8239-A90A-4EE1-83BD-4BB70FE53BCC}.Debug|Any CPU.ActiveCfg = Debug|Any CPU
		{492B8239-A90A-4EE1-83BD-4BB70FE53BCC}.Debug|Any CPU.Build.0 = Debug|Any CPU
		{492B8239-A90A-4EE1-83BD-4BB70FE53BCC}.Release|Any CPU.ActiveCfg = Release|Any CPU
		{492B8239-A90A-4EE1-83BD-4BB70FE53BCC}.Release|Any CPU.Build.0 = Release|Any CPU
	EndGlobalSection
	GlobalSection(SolutionProperties) = preSolution
		HideSolutionNode = FALSE
	EndGlobalSection
	GlobalSection(ExtensibilityGlobals) = postSolution
		SolutionGuid = {A10FA28D-CB3A-4762-8D8D-784115993775}
	EndGlobalSection
EndGlobal
